
Microsoft Visual Studio Solution File, Format Version 12.00
# Visual Studio 15
VisualStudioVersion = 15.0.26124.0
MinimumVisualStudioVersion = 15.0.26124.0
Project("{2150E333-8FDC-42A3-9474-1A3956D46DE8}") = "src", "src", "{3FE99599-B44F-4ECF-8F06-BABA9A7DE368}"
EndProject
Project("{FAE04EC0-301F-11D3-BF4B-00C04F79EFBC}") = "AspNetCoreNgrxComponentStore.Api", "src\AspNetCoreNgrxComponentStore.Api\AspNetCoreNgrxComponentStore.Api.csproj", "{F9A0D0B5-F56C-4AE4-9D16-42C1D0AACC72}"
EndProject
Global
	GlobalSection(SolutionConfigurationPlatforms) = preSolution
		Debug|Any CPU = Debug|Any CPU
		Debug|x64 = Debug|x64
		Debug|x86 = Debug|x86
		Release|Any CPU = Release|Any CPU
		Release|x64 = Release|x64
		Release|x86 = Release|x86
	EndGlobalSection
	GlobalSection(SolutionProperties) = preSolution
		HideSolutionNode = FALSE
	EndGlobalSection
	GlobalSection(ProjectConfigurationPlatforms) = postSolution
		{F9A0D0B5-F56C-4AE4-9D16-42C1D0AACC72}.Debug|Any CPU.ActiveCfg = Debug|Any CPU
		{F9A0D0B5-F56C-4AE4-9D16-42C1D0AACC72}.Debug|Any CPU.Build.0 = Debug|Any CPU
		{F9A0D0B5-F56C-4AE4-9D16-42C1D0AACC72}.Debug|x64.ActiveCfg = Debug|Any CPU
		{F9A0D0B5-F56C-4AE4-9D16-42C1D0AACC72}.Debug|x64.Build.0 = Debug|Any CPU
		{F9A0D0B5-F56C-4AE4-9D16-42C1D0AACC72}.Debug|x86.ActiveCfg = Debug|Any CPU
		{F9A0D0B5-F56C-4AE4-9D16-42C1D0AACC72}.Debug|x86.Build.0 = Debug|Any CPU
		{F9A0D0B5-F56C-4AE4-9D16-42C1D0AACC72}.Release|Any CPU.ActiveCfg = Release|Any CPU
		{F9A0D0B5-F56C-4AE4-9D16-42C1D0AACC72}.Release|Any CPU.Build.0 = Release|Any CPU
		{F9A0D0B5-F56C-4AE4-9D16-42C1D0AACC72}.Release|x64.ActiveCfg = Release|Any CPU
		{F9A0D0B5-F56C-4AE4-9D16-42C1D0AACC72}.Release|x64.Build.0 = Release|Any CPU
		{F9A0D0B5-F56C-4AE4-9D16-42C1D0AACC72}.Release|x86.ActiveCfg = Release|Any CPU
		{F9A0D0B5-F56C-4AE4-9D16-42C1D0AACC72}.Release|x86.Build.0 = Release|Any CPU
	EndGlobalSection
	GlobalSection(NestedProjects) = preSolution
		{F9A0D0B5-F56C-4AE4-9D16-42C1D0AACC72} = {3FE99599-B44F-4ECF-8F06-BABA9A7DE368}
	EndGlobalSection
EndGlobal
